
Microsoft Visual Studio Solution File, Format Version 12.00
Project("{FAE04EC0-301F-11D3-BF4B-00C04F79EFBC}") = "desafio-barigui", "desafio-barigui\desafio-barigui.csproj", "{2E525E2B-116E-44C4-A914-CB925A2CFC5D}"
EndProject
Global
	GlobalSection(SolutionConfigurationPlatforms) = preSolution
		Debug|Any CPU = Debug|Any CPU
		Release|Any CPU = Release|Any CPU
	EndGlobalSection
	GlobalSection(ProjectConfigurationPlatforms) = postSolution
		{2E525E2B-116E-44C4-A914-CB925A2CFC5D}.Debug|Any CPU.ActiveCfg = Debug|Any CPU
		{2E525E2B-116E-44C4-A914-CB925A2CFC5D}.Debug|Any CPU.Build.0 = Debug|Any CPU
		{2E525E2B-116E-44C4-A914-CB925A2CFC5D}.Release|Any CPU.ActiveCfg = Release|Any CPU
		{2E525E2B-116E-44C4-A914-CB925A2CFC5D}.Release|Any CPU.Build.0 = Release|Any CPU
	EndGlobalSection
EndGlobal
